
Microsoft Visual Studio Solution File, Format Version 12.00
# Visual Studio 15
VisualStudioVersion = 15.0.28307.438
MinimumVisualStudioVersion = 10.0.40219.1
Project("{FAE04EC0-301F-11D3-BF4B-00C04F79EFBC}") = "MultiPlayerQuiz.Api", "MultiPlayerQuiz.Api\MultiPlayerQuiz.Api.csproj", "{59DE02AA-4D4B-4595-AADE-D9B40DBEC22E}"
EndProject
Project("{FAE04EC0-301F-11D3-BF4B-00C04F79EFBC}") = "MultiPlayerQuiz.Repository", "MultiPlayerQuiz.Repository\MultiPlayerQuiz.Repository.csproj", "{076776E3-50AA-4E3A-A3BE-2B6277DCA4EE}"
EndProject
Project("{FAE04EC0-301F-11D3-BF4B-00C04F79EFBC}") = "MultiPlayerQuiz.Models", "MultiPlayerQuiz.Models\MultiPlayerQuiz.Models.csproj", "{3A12880F-2568-485D-973D-CF4041EDB70A}"
EndProject
Project("{FAE04EC0-301F-11D3-BF4B-00C04F79EFBC}") = "MultiPlayerQuiz.Services", "MultiPlayerQuiz.Services\MultiPlayerQuiz.Services.csproj", "{0F6C8BCC-D2E3-42FC-B624-05E32F8148A4}"
EndProject
Global
	GlobalSection(SolutionConfigurationPlatforms) = preSolution
		Debug|Any CPU = Debug|Any CPU
		Release|Any CPU = Release|Any CPU
	EndGlobalSection
	GlobalSection(ProjectConfigurationPlatforms) = postSolution
		{59DE02AA-4D4B-4595-AADE-D9B40DBEC22E}.Debug|Any CPU.ActiveCfg = Debug|Any CPU
		{59DE02AA-4D4B-4595-AADE-D9B40DBEC22E}.Debug|Any CPU.Build.0 = Debug|Any CPU
		{59DE02AA-4D4B-4595-AADE-D9B40DBEC22E}.Release|Any CPU.ActiveCfg = Release|Any CPU
		{59DE02AA-4D4B-4595-AADE-D9B40DBEC22E}.Release|Any CPU.Build.0 = Release|Any CPU
		{076776E3-50AA-4E3A-A3BE-2B6277DCA4EE}.Debug|Any CPU.ActiveCfg = Debug|Any CPU
		{076776E3-50AA-4E3A-A3BE-2B6277DCA4EE}.Debug|Any CPU.Build.0 = Debug|Any CPU
		{076776E3-50AA-4E3A-A3BE-2B6277DCA4EE}.Release|Any CPU.ActiveCfg = Release|Any CPU
		{076776E3-50AA-4E3A-A3BE-2B6277DCA4EE}.Release|Any CPU.Build.0 = Release|Any CPU
		{3A12880F-2568-485D-973D-CF4041EDB70A}.Debug|Any CPU.ActiveCfg = Debug|Any CPU
		{3A12880F-2568-485D-973D-CF4041EDB70A}.Debug|Any CPU.Build.0 = Debug|Any CPU
		{3A12880F-2568-485D-973D-CF4041EDB70A}.Release|Any CPU.ActiveCfg = Release|Any CPU
		{3A12880F-2568-485D-973D-CF4041EDB70A}.Release|Any CPU.Build.0 = Release|Any CPU
		{0F6C8BCC-D2E3-42FC-B624-05E32F8148A4}.Debug|Any CPU.ActiveCfg = Debug|Any CPU
		{0F6C8BCC-D2E3-42FC-B624-05E32F8148A4}.Debug|Any CPU.Build.0 = Debug|Any CPU
		{0F6C8BCC-D2E3-42FC-B624-05E32F8148A4}.Release|Any CPU.ActiveCfg = Release|Any CPU
		{0F6C8BCC-D2E3-42FC-B624-05E32F8148A4}.Release|Any CPU.Build.0 = Release|Any CPU
	EndGlobalSection
	GlobalSection(SolutionProperties) = preSolution
		HideSolutionNode = FALSE
	EndGlobalSection
	GlobalSection(ExtensibilityGlobals) = postSolution
		SolutionGuid = {0E0AECBC-3D17-4292-92FC-CCB08D485268}
	EndGlobalSection
EndGlobal
